
Microsoft Visual Studio Solution File, Format Version 12.00
# Visual Studio Version 17
VisualStudioVersion = 17.2.32616.157
MinimumVisualStudioVersion = 10.0.40219.1
Project("{FAE04EC0-301F-11D3-BF4B-00C04F79EFBC}") = "Zadacha01", "Zadacha01\Zadacha01.csproj", "{C8773FE9-3A39-4D76-8FD1-1656714EA12F}"
EndProject
Project("{FAE04EC0-301F-11D3-BF4B-00C04F79EFBC}") = "Zadach02", "Zadach02\Zadach02.csproj", "{A7844070-F21C-42BC-A74F-C3D29D72910F}"
EndProject
Global
	GlobalSection(SolutionConfigurationPlatforms) = preSolution
		Debug|Any CPU = Debug|Any CPU
		Release|Any CPU = Release|Any CPU
	EndGlobalSection
	GlobalSection(ProjectConfigurationPlatforms) = postSolution
		{C8773FE9-3A39-4D76-8FD1-1656714EA12F}.Debug|Any CPU.ActiveCfg = Debug|Any CPU
		{C8773FE9-3A39-4D76-8FD1-1656714EA12F}.Debug|Any CPU.Build.0 = Debug|Any CPU
		{C8773FE9-3A39-4D76-8FD1-1656714EA12F}.Release|Any CPU.ActiveCfg = Release|Any CPU
		{C8773FE9-3A39-4D76-8FD1-1656714EA12F}.Release|Any CPU.Build.0 = Release|Any CPU
		{A7844070-F21C-42BC-A74F-C3D29D72910F}.Debug|Any CPU.ActiveCfg = Debug|Any CPU
		{A7844070-F21C-42BC-A74F-C3D29D72910F}.Debug|Any CPU.Build.0 = Debug|Any CPU
		{A7844070-F21C-42BC-A74F-C3D29D72910F}.Release|Any CPU.ActiveCfg = Release|Any CPU
		{A7844070-F21C-42BC-A74F-C3D29D72910F}.Release|Any CPU.Build.0 = Release|Any CPU
	EndGlobalSection
	GlobalSection(SolutionProperties) = preSolution
		HideSolutionNode = FALSE
	EndGlobalSection
	GlobalSection(ExtensibilityGlobals) = postSolution
		SolutionGuid = {7C26FD9F-9618-40F2-A22C-5663519BE788}
	EndGlobalSection
EndGlobal
